
Microsoft Visual Studio Solution File, Format Version 12.00
# Visual Studio Version 16
VisualStudioVersion = 16.0.30517.126
MinimumVisualStudioVersion = 10.0.40219.1
Project("{FAE04EC0-301F-11D3-BF4B-00C04F79EFBC}") = "Strategy", "Strategy\Strategy.csproj", "{6E8F48E4-5935-4F4C-ABA2-0EE72BB3A34A}"
EndProject
Global
	GlobalSection(SolutionConfigurationPlatforms) = preSolution
		Debug|Any CPU = Debug|Any CPU
		Release|Any CPU = Release|Any CPU
	EndGlobalSection
	GlobalSection(ProjectConfigurationPlatforms) = postSolution
		{6E8F48E4-5935-4F4C-ABA2-0EE72BB3A34A}.Debug|Any CPU.ActiveCfg = Debug|Any CPU
		{6E8F48E4-5935-4F4C-ABA2-0EE72BB3A34A}.Debug|Any CPU.Build.0 = Debug|Any CPU
		{6E8F48E4-5935-4F4C-ABA2-0EE72BB3A34A}.Release|Any CPU.ActiveCfg = Release|Any CPU
		{6E8F48E4-5935-4F4C-ABA2-0EE72BB3A34A}.Release|Any CPU.Build.0 = Release|Any CPU
	EndGlobalSection
	GlobalSection(SolutionProperties) = preSolution
		HideSolutionNode = FALSE
	EndGlobalSection
	GlobalSection(ExtensibilityGlobals) = postSolution
		SolutionGuid = {B471FE60-0869-4A72-9680-5BBCF9EC4175}
	EndGlobalSection
EndGlobal
